// !$*UTF8*$!
{
	archiveVersion = 1;
	classes = {
	};
	objectVersion = 51;
	objects = {

/* Begin PBXBuildFile section */
		85763649249062FC0011C356 /* KinBackupRestoreBI.swift in Sources */ = {isa = PBXBuildFile; fileRef = 85763617249062FB0011C356 /* KinBackupRestoreBI.swift */; };
		8576364A249062FC0011C356 /* Assets.xcassets in Resources */ = {isa = PBXBuildFile; fileRef = 85763618249062FB0011C356 /* Assets.xcassets */; };
		8576364B249062FC0011C356 /* KinBackupRestoreError.swift in Sources */ = {isa = PBXBuildFile; fileRef = 85763619249062FB0011C356 /* KinBackupRestoreError.swift */; };
		8576364C249062FC0011C356 /* Localizable.strings in Resources */ = {isa = PBXBuildFile; fileRef = 8576361A249062FB0011C356 /* Localizable.strings */; };
		8576364D249062FC0011C356 /* Notification+Convenience.swift in Sources */ = {isa = PBXBuildFile; fileRef = 8576361C249062FB0011C356 /* Notification+Convenience.swift */; };
		8576364E249062FC0011C356 /* CGGeometry+Appearance.swift in Sources */ = {isa = PBXBuildFile; fileRef = 8576361D249062FB0011C356 /* CGGeometry+Appearance.swift */; };
		8576364F249062FC0011C356 /* NSAttributedString+AttributedStrings.swift in Sources */ = {isa = PBXBuildFile; fileRef = 8576361E249062FB0011C356 /* NSAttributedString+AttributedStrings.swift */; };
		85763650249062FC0011C356 /* UIFont+PreferredFont.swift in Sources */ = {isa = PBXBuildFile; fileRef = 8576361F249062FB0011C356 /* UIFont+PreferredFont.swift */; };
		85763651249062FC0011C356 /* Bundle+BackupRestore.swift in Sources */ = {isa = PBXBuildFile; fileRef = 85763620249062FB0011C356 /* Bundle+BackupRestore.swift */; };
		85763652249062FC0011C356 /* UIColor+Appearance.swift in Sources */ = {isa = PBXBuildFile; fileRef = 85763621249062FB0011C356 /* UIColor+Appearance.swift */; };
		85763653249062FC0011C356 /* String+Localization.swift in Sources */ = {isa = PBXBuildFile; fileRef = 85763622249062FB0011C356 /* String+Localization.swift */; };
		85763654249062FC0011C356 /* Password.swift in Sources */ = {isa = PBXBuildFile; fileRef = 85763624249062FB0011C356 /* Password.swift */; };
		85763655249062FC0011C356 /* QR.swift in Sources */ = {isa = PBXBuildFile; fileRef = 85763625249062FB0011C356 /* QR.swift */; };
		85763656249062FC0011C356 /* Appearance.swift in Sources */ = {isa = PBXBuildFile; fileRef = 85763626249062FB0011C356 /* Appearance.swift */; };
		85763657249062FC0011C356 /* BackupCompletedViewController.swift in Sources */ = {isa = PBXBuildFile; fileRef = 85763628249062FB0011C356 /* BackupCompletedViewController.swift */; };
		85763658249062FC0011C356 /* PasswordTextField.swift in Sources */ = {isa = PBXBuildFile; fileRef = 85763629249062FB0011C356 /* PasswordTextField.swift */; };
		85763659249062FC0011C356 /* BackupFlowController.swift in Sources */ = {isa = PBXBuildFile; fileRef = 8576362B249062FB0011C356 /* BackupFlowController.swift */; };
		8576365A249062FC0011C356 /* RestoreFlowController.swift in Sources */ = {isa = PBXBuildFile; fileRef = 8576362C249062FB0011C356 /* RestoreFlowController.swift */; };
		8576365B249062FC0011C356 /* FlowController.swift in Sources */ = {isa = PBXBuildFile; fileRef = 8576362D249062FB0011C356 /* FlowController.swift */; };
		8576365C249062FC0011C356 /* CheckboxImageView.swift in Sources */ = {isa = PBXBuildFile; fileRef = 8576362E249062FB0011C356 /* CheckboxImageView.swift */; };
		8576365D249062FC0011C356 /* Animations.swift in Sources */ = {isa = PBXBuildFile; fileRef = 8576362F249062FB0011C356 /* Animations.swift */; };
		8576365E249062FC0011C356 /* KeyboardAdjustingScrollView.swift in Sources */ = {isa = PBXBuildFile; fileRef = 85763630249062FB0011C356 /* KeyboardAdjustingScrollView.swift */; };
		8576365F249062FC0011C356 /* QRPickerController.swift in Sources */ = {isa = PBXBuildFile; fileRef = 85763632249062FB0011C356 /* QRPickerController.swift */; };
		85763660249062FC0011C356 /* QRView.swift in Sources */ = {isa = PBXBuildFile; fileRef = 85763633249062FB0011C356 /* QRView.swift */; };
		85763661249062FC0011C356 /* QRViewController.swift in Sources */ = {isa = PBXBuildFile; fileRef = 85763634249062FB0011C356 /* QRViewController.swift */; };
		85763662249062FC0011C356 /* PasswordLabel.swift in Sources */ = {isa = PBXBuildFile; fileRef = 85763635249062FB0011C356 /* PasswordLabel.swift */; };
		85763663249062FC0011C356 /* RoundButton.swift in Sources */ = {isa = PBXBuildFile; fileRef = 85763637249062FB0011C356 /* RoundButton.swift */; };
		85763664249062FC0011C356 /* ConfirmButton.swift in Sources */ = {isa = PBXBuildFile; fileRef = 85763638249062FB0011C356 /* ConfirmButton.swift */; };
		85763665249062FC0011C356 /* PasswordEntryView.swift in Sources */ = {isa = PBXBuildFile; fileRef = 8576363A249062FB0011C356 /* PasswordEntryView.swift */; };
		85763666249062FC0011C356 /* PasswordEntryViewController.swift in Sources */ = {isa = PBXBuildFile; fileRef = 8576363B249062FB0011C356 /* PasswordEntryViewController.swift */; };
		85763667249062FC0011C356 /* RestoreView.swift in Sources */ = {isa = PBXBuildFile; fileRef = 8576363D249062FB0011C356 /* RestoreView.swift */; };
		85763668249062FC0011C356 /* RestoreViewController.swift in Sources */ = {isa = PBXBuildFile; fileRef = 8576363E249062FB0011C356 /* RestoreViewController.swift */; };
		85763669249062FC0011C356 /* KinViewController.swift in Sources */ = {isa = PBXBuildFile; fileRef = 8576363F249062FB0011C356 /* KinViewController.swift */; };
		8576366A249062FC0011C356 /* BackupIntroViewController.swift in Sources */ = {isa = PBXBuildFile; fileRef = 85763641249062FB0011C356 /* BackupIntroViewController.swift */; };
		8576366B249062FC0011C356 /* RestoreIntroViewController.swift in Sources */ = {isa = PBXBuildFile; fileRef = 85763642249062FB0011C356 /* RestoreIntroViewController.swift */; };
		8576366C249062FC0011C356 /* ExplanationTemplateViewController.swift in Sources */ = {isa = PBXBuildFile; fileRef = 85763644249062FC0011C356 /* ExplanationTemplateViewController.swift */; };
		8576366D249062FC0011C356 /* ExplanationTemplateView.swift in Sources */ = {isa = PBXBuildFile; fileRef = 85763645249062FC0011C356 /* ExplanationTemplateView.swift */; };
		8576366E249062FC0011C356 /* LifeCycleProtocol.swift in Sources */ = {isa = PBXBuildFile; fileRef = 85763647249062FC0011C356 /* LifeCycleProtocol.swift */; };
		8576366F249062FC0011C356 /* KinBackupRestoreManager.swift in Sources */ = {isa = PBXBuildFile; fileRef = 85763648249062FC0011C356 /* KinBackupRestoreManager.swift */; };
		85ADEB4424772F190043B633 /* KeychainSwift.h in Headers */ = {isa = PBXBuildFile; fileRef = 85ADEB3F24772F190043B633 /* KeychainSwift.h */; };
		85ADEB4524772F190043B633 /* KeychainSwift.swift in Sources */ = {isa = PBXBuildFile; fileRef = 85ADEB4024772F190043B633 /* KeychainSwift.swift */; };
		85ADEB4624772F190043B633 /* TegKeychainConstants.swift in Sources */ = {isa = PBXBuildFile; fileRef = 85ADEB4124772F190043B633 /* TegKeychainConstants.swift */; };
		85ADEB4724772F190043B633 /* KeychainSwiftAccessOptions.swift in Sources */ = {isa = PBXBuildFile; fileRef = 85ADEB4224772F190043B633 /* KeychainSwiftAccessOptions.swift */; };
		85ADEB4D24784C690043B633 /* KinAccountTests.swift in Sources */ = {isa = PBXBuildFile; fileRef = 85ADEB4B24784C690043B633 /* KinAccountTests.swift */; };
		85ADEB4E24784C690043B633 /* KinClientTests.swift in Sources */ = {isa = PBXBuildFile; fileRef = 85ADEB4C24784C690043B633 /* KinClientTests.swift */; };
		85ADEB5624784CB70043B633 /* AppDelegate.swift in Sources */ = {isa = PBXBuildFile; fileRef = 85ADEB5524784CB70043B633 /* AppDelegate.swift */; };
		85ADEB5824784CB70043B633 /* SceneDelegate.swift in Sources */ = {isa = PBXBuildFile; fileRef = 85ADEB5724784CB70043B633 /* SceneDelegate.swift */; };
		85ADEB5A24784CB70043B633 /* ContentView.swift in Sources */ = {isa = PBXBuildFile; fileRef = 85ADEB5924784CB70043B633 /* ContentView.swift */; };
		85ADEB5C24784CB90043B633 /* Assets.xcassets in Resources */ = {isa = PBXBuildFile; fileRef = 85ADEB5B24784CB90043B633 /* Assets.xcassets */; };
		85ADEB5F24784CB90043B633 /* Preview Assets.xcassets in Resources */ = {isa = PBXBuildFile; fileRef = 85ADEB5E24784CB90043B633 /* Preview Assets.xcassets */; };
		85ADEB6224784CB90043B633 /* LaunchScreen.storyboard in Resources */ = {isa = PBXBuildFile; fileRef = 85ADEB6024784CB90043B633 /* LaunchScreen.storyboard */; };
		85ADEB6A247852980043B633 /* IntegEnvironment.swift in Sources */ = {isa = PBXBuildFile; fileRef = 85ADEB69247852970043B633 /* IntegEnvironment.swift */; };
		85ADEB6C2478537F0043B633 /* Utility.swift in Sources */ = {isa = PBXBuildFile; fileRef = 85ADEB6B2478537E0043B633 /* Utility.swift */; };
		85ADEB6E247AFAF40043B633 /* KeyUtils.swift in Sources */ = {isa = PBXBuildFile; fileRef = 85ADEB6D247AFAF40043B633 /* KeyUtils.swift */; };
		85ADEB70247AFB310043B633 /* BCKeyUtils.swift in Sources */ = {isa = PBXBuildFile; fileRef = 85ADEB6F247AFB310043B633 /* BCKeyUtils.swift */; };
		85ADEB75247AFC740043B633 /* String+extensions.swift in Sources */ = {isa = PBXBuildFile; fileRef = 85ADEB72247AFC720043B633 /* String+extensions.swift */; };
		85ADEB76247AFC740043B633 /* Array+extensions.swift in Sources */ = {isa = PBXBuildFile; fileRef = 85ADEB73247AFC720043B633 /* Array+extensions.swift */; };
		85ADEB77247AFC740043B633 /* Data+extensions.swift in Sources */ = {isa = PBXBuildFile; fileRef = 85ADEB74247AFC730043B633 /* Data+extensions.swift */; };
		85ADEB7924800AFF0043B633 /* WhitelistPayload.swift in Sources */ = {isa = PBXBuildFile; fileRef = 85ADEB7824800AFE0043B633 /* WhitelistPayload.swift */; };
		85ADEB7B2481628F0043B633 /* KeyStoreTests.swift in Sources */ = {isa = PBXBuildFile; fileRef = 85ADEB7A2481628F0043B633 /* KeyStoreTests.swift */; };
		85ADEB8724818E410043B633 /* Curry.swift in Sources */ = {isa = PBXBuildFile; fileRef = 85ADEB8624818E410043B633 /* Curry.swift */; };
		85F03728246F1E6E005734A8 /* KinSDK.framework in Frameworks */ = {isa = PBXBuildFile; fileRef = 85F0371E246F1E6E005734A8 /* KinSDK.framework */; };
		85F0372F246F1E6E005734A8 /* KinBaseCompat.h in Headers */ = {isa = PBXBuildFile; fileRef = 85F03721246F1E6E005734A8 /* KinBaseCompat.h */; settings = {ATTRIBUTES = (Public, ); }; };
		85F0373A246F2088005734A8 /* KinBase.framework in Frameworks */ = {isa = PBXBuildFile; fileRef = 85F03739246F2088005734A8 /* KinBase.framework */; };
		85F0373B246F2088005734A8 /* KinBase.framework in Embed Frameworks */ = {isa = PBXBuildFile; fileRef = 85F03739246F2088005734A8 /* KinBase.framework */; settings = {ATTRIBUTES = (CodeSignOnCopy, RemoveHeadersOnCopy, ); }; };
		85F0373E246F209C005734A8 /* KinClient.swift in Sources */ = {isa = PBXBuildFile; fileRef = 85F0373D246F209C005734A8 /* KinClient.swift */; };
		85F03741246F27CE005734A8 /* Promise.swift in Sources */ = {isa = PBXBuildFile; fileRef = 85F03740246F27CE005734A8 /* Promise.swift */; };
		85F03743246F291F005734A8 /* KinAccount.swift in Sources */ = {isa = PBXBuildFile; fileRef = 85F03742246F291F005734A8 /* KinAccount.swift */; };
		85F03745246F296B005734A8 /* KeyStore.swift in Sources */ = {isa = PBXBuildFile; fileRef = 85F03744246F296B005734A8 /* KeyStore.swift */; };
		85F03747246F2AF5005734A8 /* KinTypes.swift in Sources */ = {isa = PBXBuildFile; fileRef = 85F03746246F2AF5005734A8 /* KinTypes.swift */; };
		85F0374A246F2B61005734A8 /* Observables.swift in Sources */ = {isa = PBXBuildFile; fileRef = 85F03748246F2B61005734A8 /* Observables.swift */; };
		85F0374B246F2B61005734A8 /* Observable.swift in Sources */ = {isa = PBXBuildFile; fileRef = 85F03749246F2B61005734A8 /* Observable.swift */; };
		85F0374D246F2D7A005734A8 /* Watchers.swift in Sources */ = {isa = PBXBuildFile; fileRef = 85F0374C246F2D7A005734A8 /* Watchers.swift */; };
		85F03751246F35E0005734A8 /* Network.swift in Sources */ = {isa = PBXBuildFile; fileRef = 85F03750246F35E0005734A8 /* Network.swift */; };
		85F03754246F363A005734A8 /* Errors.swift in Sources */ = {isa = PBXBuildFile; fileRef = 85F03753246F363A005734A8 /* Errors.swift */; };
		85F66FE224742A5D00CED02B /* KinAccounts.swift in Sources */ = {isa = PBXBuildFile; fileRef = 85F66FE124742A5D00CED02B /* KinAccounts.swift */; };
		85F66FE424742B0400CED02B /* BaseTransaction.swift in Sources */ = {isa = PBXBuildFile; fileRef = 85F66FE324742B0400CED02B /* BaseTransaction.swift */; };
		85F66FE82474306000CED02B /* Transaction.swift in Sources */ = {isa = PBXBuildFile; fileRef = 85F66FE72474306000CED02B /* Transaction.swift */; };
		85F66FEA2474534900CED02B /* KinClientInternal.swift in Sources */ = {isa = PBXBuildFile; fileRef = 85F66FE92474534900CED02B /* KinClientInternal.swift */; };
		85F66FEC24745FED00CED02B /* KinError.swift in Sources */ = {isa = PBXBuildFile; fileRef = 85F66FEB24745FED00CED02B /* KinError.swift */; };
		AC968F90C4872CEC9AF8DEDB /* Pods_KinSDK.framework in Frameworks */ = {isa = PBXBuildFile; fileRef = B8F6F42C806EF969396004EB /* Pods_KinSDK.framework */; };
		EA9CC32009675C362E7CC6A7 /* Pods_KinBaseCompatTests.framework in Frameworks */ = {isa = PBXBuildFile; fileRef = A75508818BD92B304726F89E /* Pods_KinBaseCompatTests.framework */; };
/* End PBXBuildFile section */

/* Begin PBXContainerItemProxy section */
		85ADEB6724784CC80043B633 /* PBXContainerItemProxy */ = {
			isa = PBXContainerItemProxy;
			containerPortal = 85F03715246F1E6E005734A8 /* Project object */;
			proxyType = 1;
			remoteGlobalIDString = 85ADEB5224784CB70043B633;
			remoteInfo = KinBaseCompatTestsHost;
		};
		85F03729246F1E6E005734A8 /* PBXContainerItemProxy */ = {
			isa = PBXContainerItemProxy;
			containerPortal = 85F03715246F1E6E005734A8 /* Project object */;
			proxyType = 1;
			remoteGlobalIDString = 85F0371D246F1E6E005734A8;
			remoteInfo = KinBaseCompat;
		};
/* End PBXContainerItemProxy section */

/* Begin PBXCopyFilesBuildPhase section */
		85F0373C246F2088005734A8 /* Embed Frameworks */ = {
			isa = PBXCopyFilesBuildPhase;
			buildActionMask = 2147483647;
			dstPath = "";
			dstSubfolderSpec = 10;
			files = (
				85F0373B246F2088005734A8 /* KinBase.framework in Embed Frameworks */,
			);
			name = "Embed Frameworks";
			runOnlyForDeploymentPostprocessing = 0;
		};
/* End PBXCopyFilesBuildPhase section */

/* Begin PBXFileReference section */
		45B1557848158B6F2D90741D /* Pods-KinSDK.debug.xcconfig */ = {isa = PBXFileReference; includeInIndex = 1; lastKnownFileType = text.xcconfig; name = "Pods-KinSDK.debug.xcconfig"; path = "Target Support Files/Pods-KinSDK/Pods-KinSDK.debug.xcconfig"; sourceTree = "<group>"; };
		4985F3F033EA5E2C73AA67CD /* Pods-KinSDK.release.xcconfig */ = {isa = PBXFileReference; includeInIndex = 1; lastKnownFileType = text.xcconfig; name = "Pods-KinSDK.release.xcconfig"; path = "Target Support Files/Pods-KinSDK/Pods-KinSDK.release.xcconfig"; sourceTree = "<group>"; };
		85763617249062FB0011C356 /* KinBackupRestoreBI.swift */ = {isa = PBXFileReference; fileEncoding = 4; lastKnownFileType = sourcecode.swift; path = KinBackupRestoreBI.swift; sourceTree = "<group>"; };
		85763618249062FB0011C356 /* Assets.xcassets */ = {isa = PBXFileReference; lastKnownFileType = folder.assetcatalog; path = Assets.xcassets; sourceTree = "<group>"; };
		85763619249062FB0011C356 /* KinBackupRestoreError.swift */ = {isa = PBXFileReference; fileEncoding = 4; lastKnownFileType = sourcecode.swift; path = KinBackupRestoreError.swift; sourceTree = "<group>"; };
		8576361A249062FB0011C356 /* Localizable.strings */ = {isa = PBXFileReference; fileEncoding = 4; lastKnownFileType = text.plist.strings; path = Localizable.strings; sourceTree = "<group>"; };
		8576361C249062FB0011C356 /* Notification+Convenience.swift */ = {isa = PBXFileReference; fileEncoding = 4; lastKnownFileType = sourcecode.swift; path = "Notification+Convenience.swift"; sourceTree = "<group>"; };
		8576361D249062FB0011C356 /* CGGeometry+Appearance.swift */ = {isa = PBXFileReference; fileEncoding = 4; lastKnownFileType = sourcecode.swift; path = "CGGeometry+Appearance.swift"; sourceTree = "<group>"; };
		8576361E249062FB0011C356 /* NSAttributedString+AttributedStrings.swift */ = {isa = PBXFileReference; fileEncoding = 4; lastKnownFileType = sourcecode.swift; path = "NSAttributedString+AttributedStrings.swift"; sourceTree = "<group>"; };
		8576361F249062FB0011C356 /* UIFont+PreferredFont.swift */ = {isa = PBXFileReference; fileEncoding = 4; lastKnownFileType = sourcecode.swift; path = "UIFont+PreferredFont.swift"; sourceTree = "<group>"; };
		85763620249062FB0011C356 /* Bundle+BackupRestore.swift */ = {isa = PBXFileReference; fileEncoding = 4; lastKnownFileType = sourcecode.swift; path = "Bundle+BackupRestore.swift"; sourceTree = "<group>"; };
		85763621249062FB0011C356 /* UIColor+Appearance.swift */ = {isa = PBXFileReference; fileEncoding = 4; lastKnownFileType = sourcecode.swift; path = "UIColor+Appearance.swift"; sourceTree = "<group>"; };
		85763622249062FB0011C356 /* String+Localization.swift */ = {isa = PBXFileReference; fileEncoding = 4; lastKnownFileType = sourcecode.swift; path = "String+Localization.swift"; sourceTree = "<group>"; };
		85763624249062FB0011C356 /* Password.swift */ = {isa = PBXFileReference; fileEncoding = 4; lastKnownFileType = sourcecode.swift; path = Password.swift; sourceTree = "<group>"; };
		85763625249062FB0011C356 /* QR.swift */ = {isa = PBXFileReference; fileEncoding = 4; lastKnownFileType = sourcecode.swift; path = QR.swift; sourceTree = "<group>"; };
		85763626249062FB0011C356 /* Appearance.swift */ = {isa = PBXFileReference; fileEncoding = 4; lastKnownFileType = sourcecode.swift; path = Appearance.swift; sourceTree = "<group>"; };
		85763628249062FB0011C356 /* BackupCompletedViewController.swift */ = {isa = PBXFileReference; fileEncoding = 4; lastKnownFileType = sourcecode.swift; path = BackupCompletedViewController.swift; sourceTree = "<group>"; };
		85763629249062FB0011C356 /* PasswordTextField.swift */ = {isa = PBXFileReference; fileEncoding = 4; lastKnownFileType = sourcecode.swift; path = PasswordTextField.swift; sourceTree = "<group>"; };
		8576362B249062FB0011C356 /* BackupFlowController.swift */ = {isa = PBXFileReference; fileEncoding = 4; lastKnownFileType = sourcecode.swift; path = BackupFlowController.swift; sourceTree = "<group>"; };
		8576362C249062FB0011C356 /* RestoreFlowController.swift */ = {isa = PBXFileReference; fileEncoding = 4; lastKnownFileType = sourcecode.swift; path = RestoreFlowController.swift; sourceTree = "<group>"; };
		8576362D249062FB0011C356 /* FlowController.swift */ = {isa = PBXFileReference; fileEncoding = 4; lastKnownFileType = sourcecode.swift; path = FlowController.swift; sourceTree = "<group>"; };
		8576362E249062FB0011C356 /* CheckboxImageView.swift */ = {isa = PBXFileReference; fileEncoding = 4; lastKnownFileType = sourcecode.swift; path = CheckboxImageView.swift; sourceTree = "<group>"; };
		8576362F249062FB0011C356 /* Animations.swift */ = {isa = PBXFileReference; fileEncoding = 4; lastKnownFileType = sourcecode.swift; path = Animations.swift; sourceTree = "<group>"; };
		85763630249062FB0011C356 /* KeyboardAdjustingScrollView.swift */ = {isa = PBXFileReference; fileEncoding = 4; lastKnownFileType = sourcecode.swift; path = KeyboardAdjustingScrollView.swift; sourceTree = "<group>"; };
		85763632249062FB0011C356 /* QRPickerController.swift */ = {isa = PBXFileReference; fileEncoding = 4; lastKnownFileType = sourcecode.swift; path = QRPickerController.swift; sourceTree = "<group>"; };
		85763633249062FB0011C356 /* QRView.swift */ = {isa = PBXFileReference; fileEncoding = 4; lastKnownFileType = sourcecode.swift; path = QRView.swift; sourceTree = "<group>"; };
		85763634249062FB0011C356 /* QRViewController.swift */ = {isa = PBXFileReference; fileEncoding = 4; lastKnownFileType = sourcecode.swift; path = QRViewController.swift; sourceTree = "<group>"; };
		85763635249062FB0011C356 /* PasswordLabel.swift */ = {isa = PBXFileReference; fileEncoding = 4; lastKnownFileType = sourcecode.swift; path = PasswordLabel.swift; sourceTree = "<group>"; };
		85763637249062FB0011C356 /* RoundButton.swift */ = {isa = PBXFileReference; fileEncoding = 4; lastKnownFileType = sourcecode.swift; path = RoundButton.swift; sourceTree = "<group>"; };
		85763638249062FB0011C356 /* ConfirmButton.swift */ = {isa = PBXFileReference; fileEncoding = 4; lastKnownFileType = sourcecode.swift; path = ConfirmButton.swift; sourceTree = "<group>"; };
		8576363A249062FB0011C356 /* PasswordEntryView.swift */ = {isa = PBXFileReference; fileEncoding = 4; lastKnownFileType = sourcecode.swift; path = PasswordEntryView.swift; sourceTree = "<group>"; };
		8576363B249062FB0011C356 /* PasswordEntryViewController.swift */ = {isa = PBXFileReference; fileEncoding = 4; lastKnownFileType = sourcecode.swift; path = PasswordEntryViewController.swift; sourceTree = "<group>"; };
		8576363D249062FB0011C356 /* RestoreView.swift */ = {isa = PBXFileReference; fileEncoding = 4; lastKnownFileType = sourcecode.swift; path = RestoreView.swift; sourceTree = "<group>"; };
		8576363E249062FB0011C356 /* RestoreViewController.swift */ = {isa = PBXFileReference; fileEncoding = 4; lastKnownFileType = sourcecode.swift; path = RestoreViewController.swift; sourceTree = "<group>"; };
		8576363F249062FB0011C356 /* KinViewController.swift */ = {isa = PBXFileReference; fileEncoding = 4; lastKnownFileType = sourcecode.swift; path = KinViewController.swift; sourceTree = "<group>"; };
		85763641249062FB0011C356 /* BackupIntroViewController.swift */ = {isa = PBXFileReference; fileEncoding = 4; lastKnownFileType = sourcecode.swift; path = BackupIntroViewController.swift; sourceTree = "<group>"; };
		85763642249062FB0011C356 /* RestoreIntroViewController.swift */ = {isa = PBXFileReference; fileEncoding = 4; lastKnownFileType = sourcecode.swift; path = RestoreIntroViewController.swift; sourceTree = "<group>"; };
		85763644249062FC0011C356 /* ExplanationTemplateViewController.swift */ = {isa = PBXFileReference; fileEncoding = 4; lastKnownFileType = sourcecode.swift; path = ExplanationTemplateViewController.swift; sourceTree = "<group>"; };
		85763645249062FC0011C356 /* ExplanationTemplateView.swift */ = {isa = PBXFileReference; fileEncoding = 4; lastKnownFileType = sourcecode.swift; path = ExplanationTemplateView.swift; sourceTree = "<group>"; };
		85763647249062FC0011C356 /* LifeCycleProtocol.swift */ = {isa = PBXFileReference; fileEncoding = 4; lastKnownFileType = sourcecode.swift; path = LifeCycleProtocol.swift; sourceTree = "<group>"; };
		85763648249062FC0011C356 /* KinBackupRestoreManager.swift */ = {isa = PBXFileReference; fileEncoding = 4; lastKnownFileType = sourcecode.swift; path = KinBackupRestoreManager.swift; sourceTree = "<group>"; };
		857636702490634A0011C356 /* UIKit.framework */ = {isa = PBXFileReference; lastKnownFileType = wrapper.framework; name = UIKit.framework; path = System/Library/Frameworks/UIKit.framework; sourceTree = SDKROOT; };
		85ADEB3F24772F190043B633 /* KeychainSwift.h */ = {isa = PBXFileReference; fileEncoding = 4; lastKnownFileType = sourcecode.c.h; path = KeychainSwift.h; sourceTree = "<group>"; };
		85ADEB4024772F190043B633 /* KeychainSwift.swift */ = {isa = PBXFileReference; fileEncoding = 4; lastKnownFileType = sourcecode.swift; path = KeychainSwift.swift; sourceTree = "<group>"; };
		85ADEB4124772F190043B633 /* TegKeychainConstants.swift */ = {isa = PBXFileReference; fileEncoding = 4; lastKnownFileType = sourcecode.swift; path = TegKeychainConstants.swift; sourceTree = "<group>"; };
		85ADEB4224772F190043B633 /* KeychainSwiftAccessOptions.swift */ = {isa = PBXFileReference; fileEncoding = 4; lastKnownFileType = sourcecode.swift; path = KeychainSwiftAccessOptions.swift; sourceTree = "<group>"; };
		85ADEB4B24784C690043B633 /* KinAccountTests.swift */ = {isa = PBXFileReference; fileEncoding = 4; lastKnownFileType = sourcecode.swift; path = KinAccountTests.swift; sourceTree = "<group>"; };
		85ADEB4C24784C690043B633 /* KinClientTests.swift */ = {isa = PBXFileReference; fileEncoding = 4; lastKnownFileType = sourcecode.swift; path = KinClientTests.swift; sourceTree = "<group>"; };
		85ADEB5324784CB70043B633 /* KinBaseCompatTestsHost.app */ = {isa = PBXFileReference; explicitFileType = wrapper.application; includeInIndex = 0; path = KinBaseCompatTestsHost.app; sourceTree = BUILT_PRODUCTS_DIR; };
		85ADEB5524784CB70043B633 /* AppDelegate.swift */ = {isa = PBXFileReference; lastKnownFileType = sourcecode.swift; path = AppDelegate.swift; sourceTree = "<group>"; };
		85ADEB5724784CB70043B633 /* SceneDelegate.swift */ = {isa = PBXFileReference; lastKnownFileType = sourcecode.swift; path = SceneDelegate.swift; sourceTree = "<group>"; };
		85ADEB5924784CB70043B633 /* ContentView.swift */ = {isa = PBXFileReference; lastKnownFileType = sourcecode.swift; path = ContentView.swift; sourceTree = "<group>"; };
		85ADEB5B24784CB90043B633 /* Assets.xcassets */ = {isa = PBXFileReference; lastKnownFileType = folder.assetcatalog; path = Assets.xcassets; sourceTree = "<group>"; };
		85ADEB5E24784CB90043B633 /* Preview Assets.xcassets */ = {isa = PBXFileReference; lastKnownFileType = folder.assetcatalog; path = "Preview Assets.xcassets"; sourceTree = "<group>"; };
		85ADEB6124784CB90043B633 /* Base */ = {isa = PBXFileReference; lastKnownFileType = file.storyboard; name = Base; path = Base.lproj/LaunchScreen.storyboard; sourceTree = "<group>"; };
		85ADEB6324784CB90043B633 /* Info.plist */ = {isa = PBXFileReference; lastKnownFileType = text.plist.xml; path = Info.plist; sourceTree = "<group>"; };
		85ADEB69247852970043B633 /* IntegEnvironment.swift */ = {isa = PBXFileReference; fileEncoding = 4; lastKnownFileType = sourcecode.swift; path = IntegEnvironment.swift; sourceTree = "<group>"; };
		85ADEB6B2478537E0043B633 /* Utility.swift */ = {isa = PBXFileReference; fileEncoding = 4; lastKnownFileType = sourcecode.swift; path = Utility.swift; sourceTree = "<group>"; };
		85ADEB6D247AFAF40043B633 /* KeyUtils.swift */ = {isa = PBXFileReference; fileEncoding = 4; lastKnownFileType = sourcecode.swift; path = KeyUtils.swift; sourceTree = "<group>"; };
		85ADEB6F247AFB310043B633 /* BCKeyUtils.swift */ = {isa = PBXFileReference; fileEncoding = 4; lastKnownFileType = sourcecode.swift; path = BCKeyUtils.swift; sourceTree = "<group>"; };
		85ADEB72247AFC720043B633 /* String+extensions.swift */ = {isa = PBXFileReference; fileEncoding = 4; lastKnownFileType = sourcecode.swift; path = "String+extensions.swift"; sourceTree = "<group>"; };
		85ADEB73247AFC720043B633 /* Array+extensions.swift */ = {isa = PBXFileReference; fileEncoding = 4; lastKnownFileType = sourcecode.swift; path = "Array+extensions.swift"; sourceTree = "<group>"; };
		85ADEB74247AFC730043B633 /* Data+extensions.swift */ = {isa = PBXFileReference; fileEncoding = 4; lastKnownFileType = sourcecode.swift; path = "Data+extensions.swift"; sourceTree = "<group>"; };
		85ADEB7824800AFE0043B633 /* WhitelistPayload.swift */ = {isa = PBXFileReference; fileEncoding = 4; lastKnownFileType = sourcecode.swift; path = WhitelistPayload.swift; sourceTree = "<group>"; };
		85ADEB7A2481628F0043B633 /* KeyStoreTests.swift */ = {isa = PBXFileReference; fileEncoding = 4; lastKnownFileType = sourcecode.swift; path = KeyStoreTests.swift; sourceTree = "<group>"; };
		85ADEB8624818E410043B633 /* Curry.swift */ = {isa = PBXFileReference; fileEncoding = 4; lastKnownFileType = sourcecode.swift; path = Curry.swift; sourceTree = "<group>"; };
		85F0371E246F1E6E005734A8 /* KinSDK.framework */ = {isa = PBXFileReference; explicitFileType = wrapper.framework; includeInIndex = 0; path = KinSDK.framework; sourceTree = BUILT_PRODUCTS_DIR; };
		85F03721246F1E6E005734A8 /* KinBaseCompat.h */ = {isa = PBXFileReference; lastKnownFileType = sourcecode.c.h; path = KinBaseCompat.h; sourceTree = "<group>"; };
		85F03722246F1E6E005734A8 /* Info.plist */ = {isa = PBXFileReference; lastKnownFileType = text.plist.xml; path = Info.plist; sourceTree = "<group>"; };
		85F03727246F1E6E005734A8 /* KinBaseCompatTests.xctest */ = {isa = PBXFileReference; explicitFileType = wrapper.cfbundle; includeInIndex = 0; path = KinBaseCompatTests.xctest; sourceTree = BUILT_PRODUCTS_DIR; };
		85F0372E246F1E6E005734A8 /* Info.plist */ = {isa = PBXFileReference; lastKnownFileType = text.plist.xml; path = Info.plist; sourceTree = "<group>"; };
		85F03739246F2088005734A8 /* KinBase.framework */ = {isa = PBXFileReference; explicitFileType = wrapper.framework; path = KinBase.framework; sourceTree = BUILT_PRODUCTS_DIR; };
		85F0373D246F209C005734A8 /* KinClient.swift */ = {isa = PBXFileReference; lastKnownFileType = sourcecode.swift; path = KinClient.swift; sourceTree = "<group>"; };
		85F03740246F27CE005734A8 /* Promise.swift */ = {isa = PBXFileReference; lastKnownFileType = sourcecode.swift; path = Promise.swift; sourceTree = "<group>"; };
		85F03742246F291F005734A8 /* KinAccount.swift */ = {isa = PBXFileReference; lastKnownFileType = sourcecode.swift; path = KinAccount.swift; sourceTree = "<group>"; };
		85F03744246F296B005734A8 /* KeyStore.swift */ = {isa = PBXFileReference; lastKnownFileType = sourcecode.swift; path = KeyStore.swift; sourceTree = "<group>"; };
		85F03746246F2AF5005734A8 /* KinTypes.swift */ = {isa = PBXFileReference; lastKnownFileType = sourcecode.swift; path = KinTypes.swift; sourceTree = "<group>"; };
		85F03748246F2B61005734A8 /* Observables.swift */ = {isa = PBXFileReference; fileEncoding = 4; lastKnownFileType = sourcecode.swift; path = Observables.swift; sourceTree = "<group>"; };
		85F03749246F2B61005734A8 /* Observable.swift */ = {isa = PBXFileReference; fileEncoding = 4; lastKnownFileType = sourcecode.swift; path = Observable.swift; sourceTree = "<group>"; };
		85F0374C246F2D7A005734A8 /* Watchers.swift */ = {isa = PBXFileReference; lastKnownFileType = sourcecode.swift; path = Watchers.swift; sourceTree = "<group>"; };
		85F03750246F35E0005734A8 /* Network.swift */ = {isa = PBXFileReference; lastKnownFileType = sourcecode.swift; path = Network.swift; sourceTree = "<group>"; };
		85F03753246F363A005734A8 /* Errors.swift */ = {isa = PBXFileReference; lastKnownFileType = sourcecode.swift; path = Errors.swift; sourceTree = "<group>"; };
		85F66FE124742A5D00CED02B /* KinAccounts.swift */ = {isa = PBXFileReference; lastKnownFileType = sourcecode.swift; path = KinAccounts.swift; sourceTree = "<group>"; };
		85F66FE324742B0400CED02B /* BaseTransaction.swift */ = {isa = PBXFileReference; lastKnownFileType = sourcecode.swift; path = BaseTransaction.swift; sourceTree = "<group>"; };
		85F66FE72474306000CED02B /* Transaction.swift */ = {isa = PBXFileReference; lastKnownFileType = sourcecode.swift; path = Transaction.swift; sourceTree = "<group>"; };
		85F66FE92474534900CED02B /* KinClientInternal.swift */ = {isa = PBXFileReference; lastKnownFileType = sourcecode.swift; path = KinClientInternal.swift; sourceTree = "<group>"; };
		85F66FEB24745FED00CED02B /* KinError.swift */ = {isa = PBXFileReference; fileEncoding = 4; lastKnownFileType = sourcecode.swift; path = KinError.swift; sourceTree = "<group>"; };
		A75508818BD92B304726F89E /* Pods_KinBaseCompatTests.framework */ = {isa = PBXFileReference; explicitFileType = wrapper.framework; includeInIndex = 0; path = Pods_KinBaseCompatTests.framework; sourceTree = BUILT_PRODUCTS_DIR; };
		A887D8C837561F547D632F2C /* Pods-KinBaseCompat.release.xcconfig */ = {isa = PBXFileReference; includeInIndex = 1; lastKnownFileType = text.xcconfig; name = "Pods-KinBaseCompat.release.xcconfig"; path = "Target Support Files/Pods-KinBaseCompat/Pods-KinBaseCompat.release.xcconfig"; sourceTree = "<group>"; };
		B8F6F42C806EF969396004EB /* Pods_KinSDK.framework */ = {isa = PBXFileReference; explicitFileType = wrapper.framework; includeInIndex = 0; path = Pods_KinSDK.framework; sourceTree = BUILT_PRODUCTS_DIR; };
		BFD7A0ADD63617C130877E39 /* Pods-KinBaseCompatTests.debug.xcconfig */ = {isa = PBXFileReference; includeInIndex = 1; lastKnownFileType = text.xcconfig; name = "Pods-KinBaseCompatTests.debug.xcconfig"; path = "Target Support Files/Pods-KinBaseCompatTests/Pods-KinBaseCompatTests.debug.xcconfig"; sourceTree = "<group>"; };
		CB7AEA52D8C4C309B0698BE9 /* Pods-KinBaseCompatTests.release.xcconfig */ = {isa = PBXFileReference; includeInIndex = 1; lastKnownFileType = text.xcconfig; name = "Pods-KinBaseCompatTests.release.xcconfig"; path = "Target Support Files/Pods-KinBaseCompatTests/Pods-KinBaseCompatTests.release.xcconfig"; sourceTree = "<group>"; };
		D8CCECC3CEBB0D8AA734FC91 /* Pods-KinBaseCompat.debug.xcconfig */ = {isa = PBXFileReference; includeInIndex = 1; lastKnownFileType = text.xcconfig; name = "Pods-KinBaseCompat.debug.xcconfig"; path = "Target Support Files/Pods-KinBaseCompat/Pods-KinBaseCompat.debug.xcconfig"; sourceTree = "<group>"; };
/* End PBXFileReference section */

/* Begin PBXFrameworksBuildPhase section */
		85ADEB5024784CB70043B633 /* Frameworks */ = {
			isa = PBXFrameworksBuildPhase;
			buildActionMask = 2147483647;
			files = (
			);
			runOnlyForDeploymentPostprocessing = 0;
		};
		85F0371B246F1E6E005734A8 /* Frameworks */ = {
			isa = PBXFrameworksBuildPhase;
			buildActionMask = 2147483647;
			files = (
				85F0373A246F2088005734A8 /* KinBase.framework in Frameworks */,
				AC968F90C4872CEC9AF8DEDB /* Pods_KinSDK.framework in Frameworks */,
			);
			runOnlyForDeploymentPostprocessing = 0;
		};
		85F03724246F1E6E005734A8 /* Frameworks */ = {
			isa = PBXFrameworksBuildPhase;
			buildActionMask = 2147483647;
			files = (
				85F03728246F1E6E005734A8 /* KinSDK.framework in Frameworks */,
				EA9CC32009675C362E7CC6A7 /* Pods_KinBaseCompatTests.framework in Frameworks */,
			);
			runOnlyForDeploymentPostprocessing = 0;
		};
/* End PBXFrameworksBuildPhase section */

/* Begin PBXGroup section */
		03C992A645AAF6E6D590BA8F /* Frameworks */ = {
			isa = PBXGroup;
			children = (
				857636702490634A0011C356 /* UIKit.framework */,
				85F03739246F2088005734A8 /* KinBase.framework */,
				A75508818BD92B304726F89E /* Pods_KinBaseCompatTests.framework */,
				B8F6F42C806EF969396004EB /* Pods_KinSDK.framework */,
			);
			name = Frameworks;
			sourceTree = "<group>";
		};
		85763615249062C00011C356 /* Sdk */ = {
			isa = PBXGroup;
			children = (
				85F03752246F362A005734A8 /* Blockchain */,
				85ADEB3E24772F190043B633 /* KeychainSwift */,
				85F0373D246F209C005734A8 /* KinClient.swift */,
				85F66FE92474534900CED02B /* KinClientInternal.swift */,
				85F03742246F291F005734A8 /* KinAccount.swift */,
				85F03744246F296B005734A8 /* KeyStore.swift */,
				85F03746246F2AF5005734A8 /* KinTypes.swift */,
				85F0374C246F2D7A005734A8 /* Watchers.swift */,
				85F66FE124742A5D00CED02B /* KinAccounts.swift */,
				85F66FEB24745FED00CED02B /* KinError.swift */,
			);
			path = Sdk;
			sourceTree = "<group>";
		};
		85763616249062FB0011C356 /* KinBackupRestoreModule */ = {
			isa = PBXGroup;
			children = (
				85763617249062FB0011C356 /* KinBackupRestoreBI.swift */,
				85763618249062FB0011C356 /* Assets.xcassets */,
				85763619249062FB0011C356 /* KinBackupRestoreError.swift */,
				8576361A249062FB0011C356 /* Localizable.strings */,
				8576361B249062FB0011C356 /* Extensions */,
				85763623249062FB0011C356 /* Utilities */,
				85763627249062FB0011C356 /* Views */,
				85763646249062FC0011C356 /* Protocols */,
				85763648249062FC0011C356 /* KinBackupRestoreManager.swift */,
			);
			path = KinBackupRestoreModule;
			sourceTree = "<group>";
		};
		8576361B249062FB0011C356 /* Extensions */ = {
			isa = PBXGroup;
			children = (
				8576361C249062FB0011C356 /* Notification+Convenience.swift */,
				8576361D249062FB0011C356 /* CGGeometry+Appearance.swift */,
				8576361E249062FB0011C356 /* NSAttributedString+AttributedStrings.swift */,
				8576361F249062FB0011C356 /* UIFont+PreferredFont.swift */,
				85763620249062FB0011C356 /* Bundle+BackupRestore.swift */,
				85763621249062FB0011C356 /* UIColor+Appearance.swift */,
				85763622249062FB0011C356 /* String+Localization.swift */,
			);
			path = Extensions;
			sourceTree = "<group>";
		};
		85763623249062FB0011C356 /* Utilities */ = {
			isa = PBXGroup;
			children = (
				85763624249062FB0011C356 /* Password.swift */,
				85763625249062FB0011C356 /* QR.swift */,
				85763626249062FB0011C356 /* Appearance.swift */,
			);
			path = Utilities;
			sourceTree = "<group>";
		};
		85763627249062FB0011C356 /* Views */ = {
			isa = PBXGroup;
			children = (
				85763628249062FB0011C356 /* BackupCompletedViewController.swift */,
				85763629249062FB0011C356 /* PasswordTextField.swift */,
				8576362A249062FB0011C356 /* FlowController */,
				8576362E249062FB0011C356 /* CheckboxImageView.swift */,
				8576362F249062FB0011C356 /* Animations.swift */,
				85763630249062FB0011C356 /* KeyboardAdjustingScrollView.swift */,
				85763631249062FB0011C356 /* QR */,
				85763635249062FB0011C356 /* PasswordLabel.swift */,
				85763636249062FB0011C356 /* Button */,
				85763639249062FB0011C356 /* PasswordEntry */,
				8576363C249062FB0011C356 /* Restore */,
				8576363F249062FB0011C356 /* KinViewController.swift */,
				85763640249062FB0011C356 /* IntroViewController */,
				85763643249062FC0011C356 /* ExplanationTemplate */,
			);
			path = Views;
			sourceTree = "<group>";
		};
		8576362A249062FB0011C356 /* FlowController */ = {
			isa = PBXGroup;
			children = (
				8576362B249062FB0011C356 /* BackupFlowController.swift */,
				8576362C249062FB0011C356 /* RestoreFlowController.swift */,
				8576362D249062FB0011C356 /* FlowController.swift */,
			);
			path = FlowController;
			sourceTree = "<group>";
		};
		85763631249062FB0011C356 /* QR */ = {
			isa = PBXGroup;
			children = (
				85763632249062FB0011C356 /* QRPickerController.swift */,
				85763633249062FB0011C356 /* QRView.swift */,
				85763634249062FB0011C356 /* QRViewController.swift */,
			);
			path = QR;
			sourceTree = "<group>";
		};
		85763636249062FB0011C356 /* Button */ = {
			isa = PBXGroup;
			children = (
				85763637249062FB0011C356 /* RoundButton.swift */,
				85763638249062FB0011C356 /* ConfirmButton.swift */,
			);
			path = Button;
			sourceTree = "<group>";
		};
		85763639249062FB0011C356 /* PasswordEntry */ = {
			isa = PBXGroup;
			children = (
				8576363A249062FB0011C356 /* PasswordEntryView.swift */,
				8576363B249062FB0011C356 /* PasswordEntryViewController.swift */,
			);
			path = PasswordEntry;
			sourceTree = "<group>";
		};
		8576363C249062FB0011C356 /* Restore */ = {
			isa = PBXGroup;
			children = (
				8576363D249062FB0011C356 /* RestoreView.swift */,
				8576363E249062FB0011C356 /* RestoreViewController.swift */,
			);
			path = Restore;
			sourceTree = "<group>";
		};
		85763640249062FB0011C356 /* IntroViewController */ = {
			isa = PBXGroup;
			children = (
				85763641249062FB0011C356 /* BackupIntroViewController.swift */,
				85763642249062FB0011C356 /* RestoreIntroViewController.swift */,
			);
			path = IntroViewController;
			sourceTree = "<group>";
		};
		85763643249062FC0011C356 /* ExplanationTemplate */ = {
			isa = PBXGroup;
			children = (
				85763644249062FC0011C356 /* ExplanationTemplateViewController.swift */,
				85763645249062FC0011C356 /* ExplanationTemplateView.swift */,
			);
			path = ExplanationTemplate;
			sourceTree = "<group>";
		};
		85763646249062FC0011C356 /* Protocols */ = {
			isa = PBXGroup;
			children = (
				85763647249062FC0011C356 /* LifeCycleProtocol.swift */,
			);
			path = Protocols;
			sourceTree = "<group>";
		};
		85ADEB3E24772F190043B633 /* KeychainSwift */ = {
			isa = PBXGroup;
			children = (
				85ADEB3F24772F190043B633 /* KeychainSwift.h */,
				85ADEB4024772F190043B633 /* KeychainSwift.swift */,
				85ADEB4124772F190043B633 /* TegKeychainConstants.swift */,
				85ADEB4224772F190043B633 /* KeychainSwiftAccessOptions.swift */,
			);
			path = KeychainSwift;
			sourceTree = "<group>";
		};
		85ADEB5424784CB70043B633 /* KinBaseCompatTestsHost */ = {
			isa = PBXGroup;
			children = (
				85ADEB5524784CB70043B633 /* AppDelegate.swift */,
				85ADEB5724784CB70043B633 /* SceneDelegate.swift */,
				85ADEB5924784CB70043B633 /* ContentView.swift */,
				85ADEB5B24784CB90043B633 /* Assets.xcassets */,
				85ADEB6024784CB90043B633 /* LaunchScreen.storyboard */,
				85ADEB6324784CB90043B633 /* Info.plist */,
				85ADEB5D24784CB90043B633 /* Preview Content */,
			);
			path = KinBaseCompatTestsHost;
			sourceTree = "<group>";
		};
		85ADEB5D24784CB90043B633 /* Preview Content */ = {
			isa = PBXGroup;
			children = (
				85ADEB5E24784CB90043B633 /* Preview Assets.xcassets */,
			);
			path = "Preview Content";
			sourceTree = "<group>";
		};
		85ADEB71247AFC440043B633 /* Extensions */ = {
			isa = PBXGroup;
			children = (
				85ADEB73247AFC720043B633 /* Array+extensions.swift */,
				85ADEB74247AFC730043B633 /* Data+extensions.swift */,
				85ADEB72247AFC720043B633 /* String+extensions.swift */,
			);
			path = Extensions;
			sourceTree = "<group>";
		};
		85F03714246F1E6E005734A8 = {
			isa = PBXGroup;
			children = (
				85F03720246F1E6E005734A8 /* KinBaseCompat */,
				85F0372B246F1E6E005734A8 /* KinBaseCompatTests */,
				85ADEB5424784CB70043B633 /* KinBaseCompatTestsHost */,
				85F0371F246F1E6E005734A8 /* Products */,
				D79F73DF0932C178360E643E /* Pods */,
				03C992A645AAF6E6D590BA8F /* Frameworks */,
			);
			sourceTree = "<group>";
		};
		85F0371F246F1E6E005734A8 /* Products */ = {
			isa = PBXGroup;
			children = (
				85F0371E246F1E6E005734A8 /* KinSDK.framework */,
				85F03727246F1E6E005734A8 /* KinBaseCompatTests.xctest */,
				85ADEB5324784CB70043B633 /* KinBaseCompatTestsHost.app */,
			);
			name = Products;
			sourceTree = "<group>";
		};
		85F03720246F1E6E005734A8 /* KinBaseCompat */ = {
			isa = PBXGroup;
			children = (
				85F03738246F1FE3005734A8 /* Src */,
				85F03721246F1E6E005734A8 /* KinBaseCompat.h */,
				85F03722246F1E6E005734A8 /* Info.plist */,
			);
			path = KinBaseCompat;
			sourceTree = "<group>";
		};
		85F0372B246F1E6E005734A8 /* KinBaseCompatTests */ = {
			isa = PBXGroup;
			children = (
				85ADEB7A2481628F0043B633 /* KeyStoreTests.swift */,
				85ADEB4B24784C690043B633 /* KinAccountTests.swift */,
				85ADEB4C24784C690043B633 /* KinClientTests.swift */,
				85ADEB69247852970043B633 /* IntegEnvironment.swift */,
				85F0372E246F1E6E005734A8 /* Info.plist */,
			);
			path = KinBaseCompatTests;
			sourceTree = "<group>";
		};
		85F03738246F1FE3005734A8 /* Src */ = {
			isa = PBXGroup;
			children = (
				85763615249062C00011C356 /* Sdk */,
				85763616249062FB0011C356 /* KinBackupRestoreModule */,
				85F0373F246F27C0005734A8 /* Utils */,
			);
			path = Src;
			sourceTree = "<group>";
		};
		85F0373F246F27C0005734A8 /* Utils */ = {
			isa = PBXGroup;
			children = (
				85ADEB71247AFC440043B633 /* Extensions */,
				85ADEB6F247AFB310043B633 /* BCKeyUtils.swift */,
				85ADEB6D247AFAF40043B633 /* KeyUtils.swift */,
				85F03740246F27CE005734A8 /* Promise.swift */,
				85F03749246F2B61005734A8 /* Observable.swift */,
				85F03748246F2B61005734A8 /* Observables.swift */,
				85ADEB6B2478537E0043B633 /* Utility.swift */,
				85ADEB8624818E410043B633 /* Curry.swift */,
			);
			path = Utils;
			sourceTree = "<group>";
		};
		85F03752246F362A005734A8 /* Blockchain */ = {
			isa = PBXGroup;
			children = (
				85F03750246F35E0005734A8 /* Network.swift */,
				85F03753246F363A005734A8 /* Errors.swift */,
				85F66FE324742B0400CED02B /* BaseTransaction.swift */,
				85F66FE72474306000CED02B /* Transaction.swift */,
				85ADEB7824800AFE0043B633 /* WhitelistPayload.swift */,
			);
			path = Blockchain;
			sourceTree = "<group>";
		};
		D79F73DF0932C178360E643E /* Pods */ = {
			isa = PBXGroup;
			children = (
				D8CCECC3CEBB0D8AA734FC91 /* Pods-KinBaseCompat.debug.xcconfig */,
				A887D8C837561F547D632F2C /* Pods-KinBaseCompat.release.xcconfig */,
				BFD7A0ADD63617C130877E39 /* Pods-KinBaseCompatTests.debug.xcconfig */,
				CB7AEA52D8C4C309B0698BE9 /* Pods-KinBaseCompatTests.release.xcconfig */,
				45B1557848158B6F2D90741D /* Pods-KinSDK.debug.xcconfig */,
				4985F3F033EA5E2C73AA67CD /* Pods-KinSDK.release.xcconfig */,
			);
			name = Pods;
			path = ../Pods;
			sourceTree = "<group>";
		};
/* End PBXGroup section */

/* Begin PBXHeadersBuildPhase section */
		85F03719246F1E6E005734A8 /* Headers */ = {
			isa = PBXHeadersBuildPhase;
			buildActionMask = 2147483647;
			files = (
				85ADEB4424772F190043B633 /* KeychainSwift.h in Headers */,
				85F0372F246F1E6E005734A8 /* KinBaseCompat.h in Headers */,
			);
			runOnlyForDeploymentPostprocessing = 0;
		};
/* End PBXHeadersBuildPhase section */

/* Begin PBXNativeTarget section */
		85ADEB5224784CB70043B633 /* KinBaseCompatTestsHost */ = {
			isa = PBXNativeTarget;
			buildConfigurationList = 85ADEB6424784CB90043B633 /* Build configuration list for PBXNativeTarget "KinBaseCompatTestsHost" */;
			buildPhases = (
				85ADEB4F24784CB70043B633 /* Sources */,
				85ADEB5024784CB70043B633 /* Frameworks */,
				85ADEB5124784CB70043B633 /* Resources */,
			);
			buildRules = (
			);
			dependencies = (
			);
			name = KinBaseCompatTestsHost;
			productName = KinBaseCompatTestsHost;
			productReference = 85ADEB5324784CB70043B633 /* KinBaseCompatTestsHost.app */;
			productType = "com.apple.product-type.application";
		};
		85F0371D246F1E6E005734A8 /* KinSDK */ = {
			isa = PBXNativeTarget;
			buildConfigurationList = 85F03732246F1E6E005734A8 /* Build configuration list for PBXNativeTarget "KinSDK" */;
			buildPhases = (
				AE8F28F65AAB396A863DD2F3 /* [CP] Check Pods Manifest.lock */,
				85F03719246F1E6E005734A8 /* Headers */,
				85F0371A246F1E6E005734A8 /* Sources */,
				85F0371B246F1E6E005734A8 /* Frameworks */,
				85F0371C246F1E6E005734A8 /* Resources */,
				85F0373C246F2088005734A8 /* Embed Frameworks */,
			);
			buildRules = (
			);
			dependencies = (
			);
			name = KinSDK;
			productName = KinBaseCompat;
			productReference = 85F0371E246F1E6E005734A8 /* KinSDK.framework */;
			productType = "com.apple.product-type.framework";
		};
		85F03726246F1E6E005734A8 /* KinBaseCompatTests */ = {
			isa = PBXNativeTarget;
			buildConfigurationList = 85F03735246F1E6E005734A8 /* Build configuration list for PBXNativeTarget "KinBaseCompatTests" */;
			buildPhases = (
				B12E565CEE093C9208853340 /* [CP] Check Pods Manifest.lock */,
				85F03723246F1E6E005734A8 /* Sources */,
				85F03724246F1E6E005734A8 /* Frameworks */,
				85F03725246F1E6E005734A8 /* Resources */,
				9D8F642C85EEBCCDCB381E8F /* [CP] Embed Pods Frameworks */,
			);
			buildRules = (
			);
			dependencies = (
				85F0372A246F1E6E005734A8 /* PBXTargetDependency */,
				85ADEB6824784CC80043B633 /* PBXTargetDependency */,
			);
			name = KinBaseCompatTests;
			productName = KinBaseCompatTests;
			productReference = 85F03727246F1E6E005734A8 /* KinBaseCompatTests.xctest */;
			productType = "com.apple.product-type.bundle.unit-test";
		};
/* End PBXNativeTarget section */

/* Begin PBXProject section */
		85F03715246F1E6E005734A8 /* Project object */ = {
			isa = PBXProject;
			attributes = {
				LastSwiftUpdateCheck = 1130;
				LastUpgradeCheck = 1130;
				ORGANIZATIONNAME = "Kin Foundation";
				TargetAttributes = {
					85ADEB5224784CB70043B633 = {
						CreatedOnToolsVersion = 11.3.1;
					};
					85F0371D246F1E6E005734A8 = {
						CreatedOnToolsVersion = 11.3.1;
						LastSwiftMigration = 1130;
					};
					85F03726246F1E6E005734A8 = {
						CreatedOnToolsVersion = 11.3.1;
						TestTargetID = 85ADEB5224784CB70043B633;
					};
				};
			};
			buildConfigurationList = 85F03718246F1E6E005734A8 /* Build configuration list for PBXProject "KinBaseCompat" */;
			compatibilityVersion = "Xcode 9.3";
			developmentRegion = en;
			hasScannedForEncodings = 0;
			knownRegions = (
				en,
				Base,
			);
			mainGroup = 85F03714246F1E6E005734A8;
			productRefGroup = 85F0371F246F1E6E005734A8 /* Products */;
			projectDirPath = "";
			projectRoot = "";
			targets = (
				85F0371D246F1E6E005734A8 /* KinSDK */,
				85F03726246F1E6E005734A8 /* KinBaseCompatTests */,
				85ADEB5224784CB70043B633 /* KinBaseCompatTestsHost */,
			);
		};
/* End PBXProject section */

/* Begin PBXResourcesBuildPhase section */
		85ADEB5124784CB70043B633 /* Resources */ = {
			isa = PBXResourcesBuildPhase;
			buildActionMask = 2147483647;
			files = (
				85ADEB6224784CB90043B633 /* LaunchScreen.storyboard in Resources */,
				85ADEB5F24784CB90043B633 /* Preview Assets.xcassets in Resources */,
				85ADEB5C24784CB90043B633 /* Assets.xcassets in Resources */,
			);
			runOnlyForDeploymentPostprocessing = 0;
		};
		85F0371C246F1E6E005734A8 /* Resources */ = {
			isa = PBXResourcesBuildPhase;
			buildActionMask = 2147483647;
			files = (
				8576364A249062FC0011C356 /* Assets.xcassets in Resources */,
				8576364C249062FC0011C356 /* Localizable.strings in Resources */,
			);
			runOnlyForDeploymentPostprocessing = 0;
		};
		85F03725246F1E6E005734A8 /* Resources */ = {
			isa = PBXResourcesBuildPhase;
			buildActionMask = 2147483647;
			files = (
			);
			runOnlyForDeploymentPostprocessing = 0;
		};
/* End PBXResourcesBuildPhase section */

/* Begin PBXShellScriptBuildPhase section */
		9D8F642C85EEBCCDCB381E8F /* [CP] Embed Pods Frameworks */ = {
			isa = PBXShellScriptBuildPhase;
			buildActionMask = 2147483647;
			files = (
			);
			inputFileListPaths = (
				"${PODS_ROOT}/Target Support Files/Pods-KinBaseCompatTests/Pods-KinBaseCompatTests-frameworks-${CONFIGURATION}-input-files.xcfilelist",
			);
			name = "[CP] Embed Pods Frameworks";
			outputFileListPaths = (
				"${PODS_ROOT}/Target Support Files/Pods-KinBaseCompatTests/Pods-KinBaseCompatTests-frameworks-${CONFIGURATION}-output-files.xcfilelist",
			);
			runOnlyForDeploymentPostprocessing = 0;
			shellPath = /bin/sh;
			shellScript = "\"${PODS_ROOT}/Target Support Files/Pods-KinBaseCompatTests/Pods-KinBaseCompatTests-frameworks.sh\"\n";
			showEnvVarsInLog = 0;
		};
		AE8F28F65AAB396A863DD2F3 /* [CP] Check Pods Manifest.lock */ = {
			isa = PBXShellScriptBuildPhase;
			buildActionMask = 2147483647;
			files = (
			);
			inputFileListPaths = (
			);
			inputPaths = (
				"${PODS_PODFILE_DIR_PATH}/Podfile.lock",
				"${PODS_ROOT}/Manifest.lock",
			);
			name = "[CP] Check Pods Manifest.lock";
			outputFileListPaths = (
			);
			outputPaths = (
				"$(DERIVED_FILE_DIR)/Pods-KinSDK-checkManifestLockResult.txt",
			);
			runOnlyForDeploymentPostprocessing = 0;
			shellPath = /bin/sh;
			shellScript = "diff \"${PODS_PODFILE_DIR_PATH}/Podfile.lock\" \"${PODS_ROOT}/Manifest.lock\" > /dev/null\nif [ $? != 0 ] ; then\n    # print error to STDERR\n    echo \"error: The sandbox is not in sync with the Podfile.lock. Run 'pod install' or update your CocoaPods installation.\" >&2\n    exit 1\nfi\n# This output is used by Xcode 'outputs' to avoid re-running this script phase.\necho \"SUCCESS\" > \"${SCRIPT_OUTPUT_FILE_0}\"\n";
			showEnvVarsInLog = 0;
		};
		B12E565CEE093C9208853340 /* [CP] Check Pods Manifest.lock */ = {
			isa = PBXShellScriptBuildPhase;
			buildActionMask = 2147483647;
			files = (
			);
			inputFileListPaths = (
			);
			inputPaths = (
				"${PODS_PODFILE_DIR_PATH}/Podfile.lock",
				"${PODS_ROOT}/Manifest.lock",
			);
			name = "[CP] Check Pods Manifest.lock";
			outputFileListPaths = (
			);
			outputPaths = (
				"$(DERIVED_FILE_DIR)/Pods-KinBaseCompatTests-checkManifestLockResult.txt",
			);
			runOnlyForDeploymentPostprocessing = 0;
			shellPath = /bin/sh;
			shellScript = "diff \"${PODS_PODFILE_DIR_PATH}/Podfile.lock\" \"${PODS_ROOT}/Manifest.lock\" > /dev/null\nif [ $? != 0 ] ; then\n    # print error to STDERR\n    echo \"error: The sandbox is not in sync with the Podfile.lock. Run 'pod install' or update your CocoaPods installation.\" >&2\n    exit 1\nfi\n# This output is used by Xcode 'outputs' to avoid re-running this script phase.\necho \"SUCCESS\" > \"${SCRIPT_OUTPUT_FILE_0}\"\n";
			showEnvVarsInLog = 0;
		};
/* End PBXShellScriptBuildPhase section */

/* Begin PBXSourcesBuildPhase section */
		85ADEB4F24784CB70043B633 /* Sources */ = {
			isa = PBXSourcesBuildPhase;
			buildActionMask = 2147483647;
			files = (
				85ADEB5624784CB70043B633 /* AppDelegate.swift in Sources */,
				85ADEB5824784CB70043B633 /* SceneDelegate.swift in Sources */,
				85ADEB5A24784CB70043B633 /* ContentView.swift in Sources */,
			);
			runOnlyForDeploymentPostprocessing = 0;
		};
		85F0371A246F1E6E005734A8 /* Sources */ = {
			isa = PBXSourcesBuildPhase;
			buildActionMask = 2147483647;
			files = (
				85763651249062FC0011C356 /* Bundle+BackupRestore.swift in Sources */,
				85ADEB77247AFC740043B633 /* Data+extensions.swift in Sources */,
				85763665249062FC0011C356 /* PasswordEntryView.swift in Sources */,
				85ADEB70247AFB310043B633 /* BCKeyUtils.swift in Sources */,
				8576365B249062FC0011C356 /* FlowController.swift in Sources */,
				85763653249062FC0011C356 /* String+Localization.swift in Sources */,
				85763656249062FC0011C356 /* Appearance.swift in Sources */,
				8576364F249062FC0011C356 /* NSAttributedString+AttributedStrings.swift in Sources */,
				85763658249062FC0011C356 /* PasswordTextField.swift in Sources */,
				8576365F249062FC0011C356 /* QRPickerController.swift in Sources */,
				85763649249062FC0011C356 /* KinBackupRestoreBI.swift in Sources */,
				85763669249062FC0011C356 /* KinViewController.swift in Sources */,
				85763667249062FC0011C356 /* RestoreView.swift in Sources */,
				85763664249062FC0011C356 /* ConfirmButton.swift in Sources */,
				85ADEB6C2478537F0043B633 /* Utility.swift in Sources */,
				8576366F249062FC0011C356 /* KinBackupRestoreManager.swift in Sources */,
				8576366E249062FC0011C356 /* LifeCycleProtocol.swift in Sources */,
				85763661249062FC0011C356 /* QRViewController.swift in Sources */,
				85F66FE82474306000CED02B /* Transaction.swift in Sources */,
				85F0373E246F209C005734A8 /* KinClient.swift in Sources */,
				85ADEB75247AFC740043B633 /* String+extensions.swift in Sources */,
				85763666249062FC0011C356 /* PasswordEntryViewController.swift in Sources */,
				85F03747246F2AF5005734A8 /* KinTypes.swift in Sources */,
				85F66FE224742A5D00CED02B /* KinAccounts.swift in Sources */,
				85763668249062FC0011C356 /* RestoreViewController.swift in Sources */,
				8576366B249062FC0011C356 /* RestoreIntroViewController.swift in Sources */,
				85ADEB4524772F190043B633 /* KeychainSwift.swift in Sources */,
				8576365A249062FC0011C356 /* RestoreFlowController.swift in Sources */,
				85763662249062FC0011C356 /* PasswordLabel.swift in Sources */,
				85F66FEC24745FED00CED02B /* KinError.swift in Sources */,
				85F0374D246F2D7A005734A8 /* Watchers.swift in Sources */,
				85ADEB76247AFC740043B633 /* Array+extensions.swift in Sources */,
				8576364E249062FC0011C356 /* CGGeometry+Appearance.swift in Sources */,
				8576365D249062FC0011C356 /* Animations.swift in Sources */,
				85ADEB4624772F190043B633 /* TegKeychainConstants.swift in Sources */,
				8576365E249062FC0011C356 /* KeyboardAdjustingScrollView.swift in Sources */,
				85763654249062FC0011C356 /* Password.swift in Sources */,
				85763660249062FC0011C356 /* QRView.swift in Sources */,
				85ADEB4724772F190043B633 /* KeychainSwiftAccessOptions.swift in Sources */,
				8576366C249062FC0011C356 /* ExplanationTemplateViewController.swift in Sources */,
				85763659249062FC0011C356 /* BackupFlowController.swift in Sources */,
				85763663249062FC0011C356 /* RoundButton.swift in Sources */,
				85F66FEA2474534900CED02B /* KinClientInternal.swift in Sources */,
				85ADEB8724818E410043B633 /* Curry.swift in Sources */,
				85763657249062FC0011C356 /* BackupCompletedViewController.swift in Sources */,
				8576364B249062FC0011C356 /* KinBackupRestoreError.swift in Sources */,
				85F0374A246F2B61005734A8 /* Observables.swift in Sources */,
				85F66FE424742B0400CED02B /* BaseTransaction.swift in Sources */,
				85ADEB6E247AFAF40043B633 /* KeyUtils.swift in Sources */,
				85F0374B246F2B61005734A8 /* Observable.swift in Sources */,
				85ADEB7924800AFF0043B633 /* WhitelistPayload.swift in Sources */,
				8576366D249062FC0011C356 /* ExplanationTemplateView.swift in Sources */,
				8576365C249062FC0011C356 /* CheckboxImageView.swift in Sources */,
				85F03751246F35E0005734A8 /* Network.swift in Sources */,
				85F03754246F363A005734A8 /* Errors.swift in Sources */,
				8576364D249062FC0011C356 /* Notification+Convenience.swift in Sources */,
				85F03741246F27CE005734A8 /* Promise.swift in Sources */,
				85F03743246F291F005734A8 /* KinAccount.swift in Sources */,
				8576366A249062FC0011C356 /* BackupIntroViewController.swift in Sources */,
				85763652249062FC0011C356 /* UIColor+Appearance.swift in Sources */,
				85F03745246F296B005734A8 /* KeyStore.swift in Sources */,
				85763655249062FC0011C356 /* QR.swift in Sources */,
				85763650249062FC0011C356 /* UIFont+PreferredFont.swift in Sources */,
			);
			runOnlyForDeploymentPostprocessing = 0;
		};
		85F03723246F1E6E005734A8 /* Sources */ = {
			isa = PBXSourcesBuildPhase;
			buildActionMask = 2147483647;
			files = (
				85ADEB4D24784C690043B633 /* KinAccountTests.swift in Sources */,
				85ADEB6A247852980043B633 /* IntegEnvironment.swift in Sources */,
				85ADEB4E24784C690043B633 /* KinClientTests.swift in Sources */,
				85ADEB7B2481628F0043B633 /* KeyStoreTests.swift in Sources */,
			);
			runOnlyForDeploymentPostprocessing = 0;
		};
/* End PBXSourcesBuildPhase section */

/* Begin PBXTargetDependency section */
		85ADEB6824784CC80043B633 /* PBXTargetDependency */ = {
			isa = PBXTargetDependency;
			target = 85ADEB5224784CB70043B633 /* KinBaseCompatTestsHost */;
			targetProxy = 85ADEB6724784CC80043B633 /* PBXContainerItemProxy */;
		};
		85F0372A246F1E6E005734A8 /* PBXTargetDependency */ = {
			isa = PBXTargetDependency;
			target = 85F0371D246F1E6E005734A8 /* KinSDK */;
			targetProxy = 85F03729246F1E6E005734A8 /* PBXContainerItemProxy */;
		};
/* End PBXTargetDependency section */

/* Begin PBXVariantGroup section */
		85ADEB6024784CB90043B633 /* LaunchScreen.storyboard */ = {
			isa = PBXVariantGroup;
			children = (
				85ADEB6124784CB90043B633 /* Base */,
			);
			name = LaunchScreen.storyboard;
			sourceTree = "<group>";
		};
/* End PBXVariantGroup section */

/* Begin XCBuildConfiguration section */
		85ADEB6524784CB90043B633 /* Debug */ = {
			isa = XCBuildConfiguration;
			buildSettings = {
				ASSETCATALOG_COMPILER_APPICON_NAME = AppIcon;
				CODE_SIGN_STYLE = Automatic;
				DEVELOPMENT_ASSET_PATHS = "\"KinBaseCompatTestsHost/Preview Content\"";
				DEVELOPMENT_TEAM = 83VHY3GSWL;
				ENABLE_PREVIEWS = YES;
				INFOPLIST_FILE = KinBaseCompatTestsHost/Info.plist;
				LD_RUNPATH_SEARCH_PATHS = (
					"$(inherited)",
					"@executable_path/Frameworks",
				);
				PRODUCT_BUNDLE_IDENTIFIER = org.kin..KinBaseCompatTestsHost;
				PRODUCT_NAME = "$(TARGET_NAME)";
				SWIFT_VERSION = 5.0;
				TARGETED_DEVICE_FAMILY = "1,2";
			};
			name = Debug;
		};
		85ADEB6624784CB90043B633 /* Release */ = {
			isa = XCBuildConfiguration;
			buildSettings = {
				ASSETCATALOG_COMPILER_APPICON_NAME = AppIcon;
				CODE_SIGN_STYLE = Automatic;
				DEVELOPMENT_ASSET_PATHS = "\"KinBaseCompatTestsHost/Preview Content\"";
				DEVELOPMENT_TEAM = 83VHY3GSWL;
				ENABLE_PREVIEWS = YES;
				INFOPLIST_FILE = KinBaseCompatTestsHost/Info.plist;
				LD_RUNPATH_SEARCH_PATHS = (
					"$(inherited)",
					"@executable_path/Frameworks",
				);
				PRODUCT_BUNDLE_IDENTIFIER = org.kin..KinBaseCompatTestsHost;
				PRODUCT_NAME = "$(TARGET_NAME)";
				SWIFT_VERSION = 5.0;
				TARGETED_DEVICE_FAMILY = "1,2";
			};
			name = Release;
		};
		85F03730246F1E6E005734A8 /* Debug */ = {
			isa = XCBuildConfiguration;
			buildSettings = {
				ALWAYS_SEARCH_USER_PATHS = NO;
				CLANG_ANALYZER_NONNULL = YES;
				CLANG_ANALYZER_NUMBER_OBJECT_CONVERSION = YES_AGGRESSIVE;
				CLANG_CXX_LANGUAGE_STANDARD = "gnu++14";
				CLANG_CXX_LIBRARY = "libc++";
				CLANG_ENABLE_MODULES = YES;
				CLANG_ENABLE_OBJC_ARC = YES;
				CLANG_ENABLE_OBJC_WEAK = YES;
				CLANG_WARN_BLOCK_CAPTURE_AUTORELEASING = YES;
				CLANG_WARN_BOOL_CONVERSION = YES;
				CLANG_WARN_COMMA = YES;
				CLANG_WARN_CONSTANT_CONVERSION = YES;
				CLANG_WARN_DEPRECATED_OBJC_IMPLEMENTATIONS = YES;
				CLANG_WARN_DIRECT_OBJC_ISA_USAGE = YES_ERROR;
				CLANG_WARN_DOCUMENTATION_COMMENTS = YES;
				CLANG_WARN_EMPTY_BODY = YES;
				CLANG_WARN_ENUM_CONVERSION = YES;
				CLANG_WARN_INFINITE_RECURSION = YES;
				CLANG_WARN_INT_CONVERSION = YES;
				CLANG_WARN_NON_LITERAL_NULL_CONVERSION = YES;
				CLANG_WARN_OBJC_IMPLICIT_RETAIN_SELF = YES;
				CLANG_WARN_OBJC_LITERAL_CONVERSION = YES;
				CLANG_WARN_OBJC_ROOT_CLASS = YES_ERROR;
				CLANG_WARN_RANGE_LOOP_ANALYSIS = YES;
				CLANG_WARN_STRICT_PROTOTYPES = YES;
				CLANG_WARN_SUSPICIOUS_MOVE = YES;
				CLANG_WARN_UNGUARDED_AVAILABILITY = YES_AGGRESSIVE;
				CLANG_WARN_UNREACHABLE_CODE = YES;
				CLANG_WARN__DUPLICATE_METHOD_MATCH = YES;
				COPY_PHASE_STRIP = NO;
				CURRENT_PROJECT_VERSION = 1;
				DEBUG_INFORMATION_FORMAT = dwarf;
				ENABLE_STRICT_OBJC_MSGSEND = YES;
				ENABLE_TESTABILITY = YES;
				GCC_C_LANGUAGE_STANDARD = gnu11;
				GCC_DYNAMIC_NO_PIC = NO;
				GCC_NO_COMMON_BLOCKS = YES;
				GCC_OPTIMIZATION_LEVEL = 0;
				GCC_PREPROCESSOR_DEFINITIONS = (
					"DEBUG=1",
					"$(inherited)",
				);
				GCC_WARN_64_TO_32_BIT_CONVERSION = YES;
				GCC_WARN_ABOUT_RETURN_TYPE = YES_ERROR;
				GCC_WARN_UNDECLARED_SELECTOR = YES;
				GCC_WARN_UNINITIALIZED_AUTOS = YES_AGGRESSIVE;
				GCC_WARN_UNUSED_FUNCTION = YES;
				GCC_WARN_UNUSED_VARIABLE = YES;
				IPHONEOS_DEPLOYMENT_TARGET = 13.2;
				MTL_ENABLE_DEBUG_INFO = INCLUDE_SOURCE;
				MTL_FAST_MATH = YES;
				ONLY_ACTIVE_ARCH = YES;
				SDKROOT = iphoneos;
				SWIFT_ACTIVE_COMPILATION_CONDITIONS = DEBUG;
				SWIFT_OPTIMIZATION_LEVEL = "-Onone";
				VERSIONING_SYSTEM = "apple-generic";
				VERSION_INFO_PREFIX = "";
			};
			name = Debug;
		};
		85F03731246F1E6E005734A8 /* Release */ = {
			isa = XCBuildConfiguration;
			buildSettings = {
				ALWAYS_SEARCH_USER_PATHS = NO;
				CLANG_ANALYZER_NONNULL = YES;
				CLANG_ANALYZER_NUMBER_OBJECT_CONVERSION = YES_AGGRESSIVE;
				CLANG_CXX_LANGUAGE_STANDARD = "gnu++14";
				CLANG_CXX_LIBRARY = "libc++";
				CLANG_ENABLE_MODULES = YES;
				CLANG_ENABLE_OBJC_ARC = YES;
				CLANG_ENABLE_OBJC_WEAK = YES;
				CLANG_WARN_BLOCK_CAPTURE_AUTORELEASING = YES;
				CLANG_WARN_BOOL_CONVERSION = YES;
				CLANG_WARN_COMMA = YES;
				CLANG_WARN_CONSTANT_CONVERSION = YES;
				CLANG_WARN_DEPRECATED_OBJC_IMPLEMENTATIONS = YES;
				CLANG_WARN_DIRECT_OBJC_ISA_USAGE = YES_ERROR;
				CLANG_WARN_DOCUMENTATION_COMMENTS = YES;
				CLANG_WARN_EMPTY_BODY = YES;
				CLANG_WARN_ENUM_CONVERSION = YES;
				CLANG_WARN_INFINITE_RECURSION = YES;
				CLANG_WARN_INT_CONVERSION = YES;
				CLANG_WARN_NON_LITERAL_NULL_CONVERSION = YES;
				CLANG_WARN_OBJC_IMPLICIT_RETAIN_SELF = YES;
				CLANG_WARN_OBJC_LITERAL_CONVERSION = YES;
				CLANG_WARN_OBJC_ROOT_CLASS = YES_ERROR;
				CLANG_WARN_RANGE_LOOP_ANALYSIS = YES;
				CLANG_WARN_STRICT_PROTOTYPES = YES;
				CLANG_WARN_SUSPICIOUS_MOVE = YES;
				CLANG_WARN_UNGUARDED_AVAILABILITY = YES_AGGRESSIVE;
				CLANG_WARN_UNREACHABLE_CODE = YES;
				CLANG_WARN__DUPLICATE_METHOD_MATCH = YES;
				COPY_PHASE_STRIP = NO;
				CURRENT_PROJECT_VERSION = 1;
				DEBUG_INFORMATION_FORMAT = "dwarf-with-dsym";
				ENABLE_NS_ASSERTIONS = NO;
				ENABLE_STRICT_OBJC_MSGSEND = YES;
				GCC_C_LANGUAGE_STANDARD = gnu11;
				GCC_NO_COMMON_BLOCKS = YES;
				GCC_WARN_64_TO_32_BIT_CONVERSION = YES;
				GCC_WARN_ABOUT_RETURN_TYPE = YES_ERROR;
				GCC_WARN_UNDECLARED_SELECTOR = YES;
				GCC_WARN_UNINITIALIZED_AUTOS = YES_AGGRESSIVE;
				GCC_WARN_UNUSED_FUNCTION = YES;
				GCC_WARN_UNUSED_VARIABLE = YES;
				IPHONEOS_DEPLOYMENT_TARGET = 13.2;
				MTL_ENABLE_DEBUG_INFO = NO;
				MTL_FAST_MATH = YES;
				SDKROOT = iphoneos;
				SWIFT_COMPILATION_MODE = wholemodule;
				SWIFT_OPTIMIZATION_LEVEL = "-O";
				VALIDATE_PRODUCT = YES;
				VERSIONING_SYSTEM = "apple-generic";
				VERSION_INFO_PREFIX = "";
			};
			name = Release;
		};
		85F03733246F1E6E005734A8 /* Debug */ = {
			isa = XCBuildConfiguration;
			baseConfigurationReference = 45B1557848158B6F2D90741D /* Pods-KinSDK.debug.xcconfig */;
			buildSettings = {
				CLANG_ENABLE_MODULES = YES;
				CODE_SIGN_STYLE = Automatic;
				DEFINES_MODULE = YES;
				DEVELOPMENT_TEAM = 83VHY3GSWL;
				DYLIB_COMPATIBILITY_VERSION = 1;
				DYLIB_CURRENT_VERSION = 1;
				DYLIB_INSTALL_NAME_BASE = "@rpath";
				INFOPLIST_FILE = KinBaseCompat/Info.plist;
				INSTALL_PATH = "$(LOCAL_LIBRARY_DIR)/Frameworks";
				IPHONEOS_DEPLOYMENT_TARGET = 9.0;
				LD_RUNPATH_SEARCH_PATHS = (
					"$(inherited)",
					"@executable_path/Frameworks",
					"@loader_path/Frameworks",
				);
				MARKETING_VERSION = 0.1.2;
				PRODUCT_BUNDLE_IDENTIFIER = org.kin..KinBaseCompat;
				PRODUCT_MODULE_NAME = KinSDK;
				PRODUCT_NAME = KinSDK;
				SKIP_INSTALL = YES;
				SWIFT_OPTIMIZATION_LEVEL = "-Onone";
				SWIFT_VERSION = 5.0;
				TARGETED_DEVICE_FAMILY = "1,2";
			};
			name = Debug;
		};
		85F03734246F1E6E005734A8 /* Release */ = {
			isa = XCBuildConfiguration;
			baseConfigurationReference = 4985F3F033EA5E2C73AA67CD /* Pods-KinSDK.release.xcconfig */;
			buildSettings = {
				CLANG_ENABLE_MODULES = YES;
				CODE_SIGN_STYLE = Automatic;
				DEFINES_MODULE = YES;
				DEVELOPMENT_TEAM = 83VHY3GSWL;
				DYLIB_COMPATIBILITY_VERSION = 1;
				DYLIB_CURRENT_VERSION = 1;
				DYLIB_INSTALL_NAME_BASE = "@rpath";
				INFOPLIST_FILE = KinBaseCompat/Info.plist;
				INSTALL_PATH = "$(LOCAL_LIBRARY_DIR)/Frameworks";
				IPHONEOS_DEPLOYMENT_TARGET = 9.0;
				LD_RUNPATH_SEARCH_PATHS = (
					"$(inherited)",
					"@executable_path/Frameworks",
					"@loader_path/Frameworks",
				);
				MARKETING_VERSION = 0.1.2;
				PRODUCT_BUNDLE_IDENTIFIER = org.kin..KinBaseCompat;
				PRODUCT_MODULE_NAME = KinSDK;
				PRODUCT_NAME = KinSDK;
				SKIP_INSTALL = YES;
				SWIFT_VERSION = 5.0;
				TARGETED_DEVICE_FAMILY = "1,2";
			};
			name = Release;
		};
		85F03736246F1E6E005734A8 /* Debug */ = {
			isa = XCBuildConfiguration;
			baseConfigurationReference = BFD7A0ADD63617C130877E39 /* Pods-KinBaseCompatTests.debug.xcconfig */;
			buildSettings = {
				ALWAYS_EMBED_SWIFT_STANDARD_LIBRARIES = YES;
				CODE_SIGN_STYLE = Automatic;
				DEVELOPMENT_TEAM = 83VHY3GSWL;
				INFOPLIST_FILE = KinBaseCompatTests/Info.plist;
				LD_RUNPATH_SEARCH_PATHS = (
					"$(inherited)",
					"@executable_path/Frameworks",
					"@loader_path/Frameworks",
				);
				PRODUCT_BUNDLE_IDENTIFIER = org.kin..KinBaseCompatTests;
				PRODUCT_NAME = "$(TARGET_NAME)";
				SWIFT_VERSION = 5.0;
				TARGETED_DEVICE_FAMILY = "1,2";
				TEST_HOST = "$(BUILT_PRODUCTS_DIR)/KinBaseCompatTestsHost.app/KinBaseCompatTestsHost";
			};
			name = Debug;
		};
		85F03737246F1E6E005734A8 /* Release */ = {
			isa = XCBuildConfiguration;
			baseConfigurationReference = CB7AEA52D8C4C309B0698BE9 /* Pods-KinBaseCompatTests.release.xcconfig */;
			buildSettings = {
				ALWAYS_EMBED_SWIFT_STANDARD_LIBRARIES = YES;
				CODE_SIGN_STYLE = Automatic;
				DEVELOPMENT_TEAM = 83VHY3GSWL;
				INFOPLIST_FILE = KinBaseCompatTests/Info.plist;
				LD_RUNPATH_SEARCH_PATHS = (
					"$(inherited)",
					"@executable_path/Frameworks",
					"@loader_path/Frameworks",
				);
				PRODUCT_BUNDLE_IDENTIFIER = org.kin..KinBaseCompatTests;
				PRODUCT_NAME = "$(TARGET_NAME)";
				SWIFT_VERSION = 5.0;
				TARGETED_DEVICE_FAMILY = "1,2";
				TEST_HOST = "$(BUILT_PRODUCTS_DIR)/KinBaseCompatTestsHost.app/KinBaseCompatTestsHost";
			};
			name = Release;
		};
/* End XCBuildConfiguration section */

/* Begin XCConfigurationList section */
		85ADEB6424784CB90043B633 /* Build configuration list for PBXNativeTarget "KinBaseCompatTestsHost" */ = {
			isa = XCConfigurationList;
			buildConfigurations = (
				85ADEB6524784CB90043B633 /* Debug */,
				85ADEB6624784CB90043B633 /* Release */,
			);
			defaultConfigurationIsVisible = 0;
			defaultConfigurationName = Release;
		};
		85F03718246F1E6E005734A8 /* Build configuration list for PBXProject "KinBaseCompat" */ = {
			isa = XCConfigurationList;
			buildConfigurations = (
				85F03730246F1E6E005734A8 /* Debug */,
				85F03731246F1E6E005734A8 /* Release */,
			);
			defaultConfigurationIsVisible = 0;
			defaultConfigurationName = Release;
		};
		85F03732246F1E6E005734A8 /* Build configuration list for PBXNativeTarget "KinSDK" */ = {
			isa = XCConfigurationList;
			buildConfigurations = (
				85F03733246F1E6E005734A8 /* Debug */,
				85F03734246F1E6E005734A8 /* Release */,
			);
			defaultConfigurationIsVisible = 0;
			defaultConfigurationName = Release;
		};
		85F03735246F1E6E005734A8 /* Build configuration list for PBXNativeTarget "KinBaseCompatTests" */ = {
			isa = XCConfigurationList;
			buildConfigurations = (
				85F03736246F1E6E005734A8 /* Debug */,
				85F03737246F1E6E005734A8 /* Release */,
			);
			defaultConfigurationIsVisible = 0;
			defaultConfigurationName = Release;
		};
/* End XCConfigurationList section */
	};
	rootObject = 85F03715246F1E6E005734A8 /* Project object */;
}
